// !$*UTF8*$!
{
	archiveVersion = 1;
	classes = {
	};
	objectVersion = 46;
	objects = {

/* Begin PBXBuildFile section */
		BAE76C6E1A2EBCD800BA7BE5 /* main.cpp in Sources */ = {isa = PBXBuildFile; fileRef = BAE76C6D1A2EBCD800BA7BE5 /* main.cpp */; };
/* End PBXBuildFile section */

/* Begin PBXCopyFilesBuildPhase section */
		BAE76C681A2EBCD800BA7BE5 /* CopyFiles */ = {
			isa = PBXCopyFilesBuildPhase;
			buildActionMask = 2147483647;
			dstPath = /usr/share/man/man1/;
			dstSubfolderSpec = 0;
			files = (
			);
			runOnlyForDeploymentPostprocessing = 1;
		};
/* End PBXCopyFilesBuildPhase section */

/* Begin PBXFileReference section */
		BAE76C6A1A2EBCD800BA7BE5 /* AI_Project6 */ = {isa = PBXFileReference; explicitFileType = "compiled.mach-o.executable"; includeInIndex = 0; path = AI_Project6; sourceTree = BUILT_PRODUCTS_DIR; };
		BAE76C6D1A2EBCD800BA7BE5 /* main.cpp */ = {isa = PBXFileReference; lastKnownFileType = sourcecode.cpp.cpp; path = main.cpp; sourceTree = "<group>"; };
		BAE76C741A2EBD0300BA7BE5 /* dictionary.txt */ = {isa = PBXFileReference; fileEncoding = 4; lastKnownFileType = text; name = dictionary.txt; path = AI_Project6/dictionary.txt; sourceTree = "<group>"; };
		BAE76C751A2EBFA400BA7BE5 /* in.txt */ = {isa = PBXFileReference; fileEncoding = 4; lastKnownFileType = text; path = in.txt; sourceTree = "<group>"; };
/* End PBXFileReference section */

/* Begin PBXFrameworksBuildPhase section */
		BAE76C671A2EBCD800BA7BE5 /* Frameworks */ = {
			isa = PBXFrameworksBuildPhase;
			buildActionMask = 2147483647;
			files = (
			);
			runOnlyForDeploymentPostprocessing = 0;
		};
/* End PBXFrameworksBuildPhase section */

/* Begin PBXGroup section */
		BAE76C611A2EBCD800BA7BE5 = {
			isa = PBXGroup;
			children = (
				BAE76C741A2EBD0300BA7BE5 /* dictionary.txt */,
				BAE76C6C1A2EBCD800BA7BE5 /* AI_Project6 */,
				BAE76C6B1A2EBCD800BA7BE5 /* Products */,
			);
			sourceTree = "<group>";
		};
		BAE76C6B1A2EBCD800BA7BE5 /* Products */ = {
			isa = PBXGroup;
			children = (
				BAE76C6A1A2EBCD800BA7BE5 /* AI_Project6 */,
			);
			name = Products;
			sourceTree = "<group>";
		};
		BAE76C6C1A2EBCD800BA7BE5 /* AI_Project6 */ = {
			isa = PBXGroup;
			children = (
				BAE76C6D1A2EBCD800BA7BE5 /* main.cpp */,
				BAE76C751A2EBFA400BA7BE5 /* in.txt */,
			);
			path = AI_Project6;
			sourceTree = "<group>";
		};
/* End PBXGroup section */

/* Begin PBXNativeTarget section */
		BAE76C691A2EBCD800BA7BE5 /* AI_Project6 */ = {
			isa = PBXNativeTarget;
			buildConfigurationList = BAE76C711A2EBCD800BA7BE5 /* Build configuration list for PBXNativeTarget "AI_Project6" */;
			buildPhases = (
				BAE76C661A2EBCD800BA7BE5 /* Sources */,
				BAE76C671A2EBCD800BA7BE5 /* Frameworks */,
				BAE76C681A2EBCD800BA7BE5 /* CopyFiles */,
			);
			buildRules = (
			);
			dependencies = (
			);
			name = AI_Project6;
			productName = AI_Project6;
			productReference = BAE76C6A1A2EBCD800BA7BE5 /* AI_Project6 */;
			productType = "com.apple.product-type.tool";
		};
/* End PBXNativeTarget section */

/* Begin PBXProject section */
		BAE76C621A2EBCD800BA7BE5 /* Project object */ = {
			isa = PBXProject;
			attributes = {
				LastUpgradeCheck = 0610;
				ORGANIZATIONNAME = "Henry West";
				TargetAttributes = {
					BAE76C691A2EBCD800BA7BE5 = {
						CreatedOnToolsVersion = 6.1;
					};
				};
			};
			buildConfigurationList = BAE76C651A2EBCD800BA7BE5 /* Build configuration list for PBXProject "AI_Project6" */;
			compatibilityVersion = "Xcode 3.2";
			developmentRegion = English;
			hasScannedForEncodings = 0;
			knownRegions = (
				en,
			);
			mainGroup = BAE76C611A2EBCD800BA7BE5;
			productRefGroup = BAE76C6B1A2EBCD800BA7BE5 /* Products */;
			projectDirPath = "";
			projectRoot = "";
			targets = (
				BAE76C691A2EBCD800BA7BE5 /* AI_Project6 */,
			);
		};
/* End PBXProject section */

/* Begin PBXSourcesBuildPhase section */
		BAE76C661A2EBCD800BA7BE5 /* Sources */ = {
			isa = PBXSourcesBuildPhase;
			buildActionMask = 2147483647;
			files = (
				BAE76C6E1A2EBCD800BA7BE5 /* main.cpp in Sources */,
			);
			runOnlyForDeploymentPostprocessing = 0;
		};
/* End PBXSourcesBuildPhase section */

/* Begin XCBuildConfiguration section */
		BAE76C6F1A2EBCD800BA7BE5 /* Debug */ = {
			isa = XCBuildConfiguration;
			buildSettings = {
				ALWAYS_SEARCH_USER_PATHS = NO;
				CLANG_CXX_LANGUAGE_STANDARD = "gnu++0x";
				CLANG_CXX_LIBRARY = "libc++";
				CLANG_ENABLE_MODULES = YES;
				CLANG_ENABLE_OBJC_ARC = YES;
				CLANG_WARN_BOOL_CONVERSION = YES;
				CLANG_WARN_CONSTANT_CONVERSION = YES;
				CLANG_WARN_DIRECT_OBJC_ISA_USAGE = YES_ERROR;
				CLANG_WARN_EMPTY_BODY = YES;
				CLANG_WARN_ENUM_CONVERSION = YES;
				CLANG_WARN_INT_CONVERSION = YES;
				CLANG_WARN_OBJC_ROOT_CLASS = YES_ERROR;
				CLANG_WARN_UNREACHABLE_CODE = YES;
				CLANG_WARN__DUPLICATE_METHOD_MATCH = YES;
				COPY_PHASE_STRIP = NO;
				ENABLE_STRICT_OBJC_MSGSEND = YES;
				GCC_C_LANGUAGE_STANDARD = gnu99;
				GCC_DYNAMIC_NO_PIC = NO;
				GCC_OPTIMIZATION_LEVEL = 0;
				GCC_PREPROCESSOR_DEFINITIONS = (
					"DEBUG=1",
					"$(inherited)",
				);
				GCC_SYMBOLS_PRIVATE_EXTERN = NO;
				GCC_WARN_64_TO_32_BIT_CONVERSION = YES;
				GCC_WARN_ABOUT_RETURN_TYPE = YES_ERROR;
				GCC_WARN_UNDECLARED_SELECTOR = YES;
				GCC_WARN_UNINITIALIZED_AUTOS = YES_AGGRESSIVE;
				GCC_WARN_UNUSED_FUNCTION = YES;
				GCC_WARN_UNUSED_VARIABLE = YES;
				MACOSX_DEPLOYMENT_TARGET = 10.10;
				MTL_ENABLE_DEBUG_INFO = YES;
				ONLY_ACTIVE_ARCH = YES;
				SDKROOT = macosx;
			};
			name = Debug;
		};
		BAE76C701A2EBCD800BA7BE5 /* Release */ = {
			isa = XCBuildConfiguration;
			buildSettings = {
				ALWAYS_SEARCH_USER_PATHS = NO;
				CLANG_CXX_LANGUAGE_STANDARD = "gnu++0x";
				CLANG_CXX_LIBRARY = "libc++";
				CLANG_ENABLE_MODULES = YES;
				CLANG_ENABLE_OBJC_ARC = YES;
				CLANG_WARN_BOOL_CONVERSION = YES;
				CLANG_WARN_CONSTANT_CONVERSION = YES;
				CLANG_WARN_DIRECT_OBJC_ISA_USAGE = YES_ERROR;
				CLANG_WARN_EMPTY_BODY = YES;
				CLANG_WARN_ENUM_CONVERSION = YES;
				CLANG_WARN_INT_CONVERSION = YES;
				CLANG_WARN_OBJC_ROOT_CLASS = YES_ERROR;
				CLANG_WARN_UNREACHABLE_CODE = YES;
				CLANG_WARN__DUPLICATE_METHOD_MATCH = YES;
				COPY_PHASE_STRIP = YES;
				DEBUG_INFORMATION_FORMAT = "dwarf-with-dsym";
				ENABLE_NS_ASSERTIONS = NO;
				ENABLE_STRICT_OBJC_MSGSEND = YES;
				GCC_C_LANGUAGE_STANDARD = gnu99;
				GCC_WARN_64_TO_32_BIT_CONVERSION = YES;
				GCC_WARN_ABOUT_RETURN_TYPE = YES_ERROR;
				GCC_WARN_UNDECLARED_SELECTOR = YES;
				GCC_WARN_UNINITIALIZED_AUTOS = YES_AGGRESSIVE;
				GCC_WARN_UNUSED_FUNCTION = YES;
				GCC_WARN_UNUSED_VARIABLE = YES;
				MACOSX_DEPLOYMENT_TARGET = 10.10;
				MTL_ENABLE_DEBUG_INFO = NO;
				SDKROOT = macosx;
			};
			name = Release;
		};
		BAE76C721A2EBCD800BA7BE5 /* Debug */ = {
			isa = XCBuildConfiguration;
			buildSettings = {
				PRODUCT_NAME = "$(TARGET_NAME)";
			};
			name = Debug;
		};
		BAE76C731A2EBCD800BA7BE5 /* Release */ = {
			isa = XCBuildConfiguration;
			buildSettings = {
				PRODUCT_NAME = "$(TARGET_NAME)";
			};
			name = Release;
		};
/* End XCBuildConfiguration section */

/* Begin XCConfigurationList section */
		BAE76C651A2EBCD800BA7BE5 /* Build configuration list for PBXProject "AI_Project6" */ = {
			isa = XCConfigurationList;
			buildConfigurations = (
				BAE76C6F1A2EBCD800BA7BE5 /* Debug */,
				BAE76C701A2EBCD800BA7BE5 /* Release */,
			);
			defaultConfigurationIsVisible = 0;
			defaultConfigurationName = Release;
		};
		BAE76C711A2EBCD800BA7BE5 /* Build configuration list for PBXNativeTarget "AI_Project6" */ = {
			isa = XCConfigurationList;
			buildConfigurations = (
				BAE76C721A2EBCD800BA7BE5 /* Debug */,
				BAE76C731A2EBCD800BA7BE5 /* Release */,
			);
			defaultConfigurationIsVisible = 0;
		};
/* End XCConfigurationList section */
	};
	rootObject = BAE76C621A2EBCD800BA7BE5 /* Project object */;
}
